
Microsoft Visual Studio Solution File, Format Version 12.00
# Visual Studio 14
VisualStudioVersion = 14.0.25420.1
MinimumVisualStudioVersion = 10.0.40219.1
Project("{F5034706-568F-408A-B7B3-4D38C6DB8A32}") = "PowerShellOffice", "PowerShellOffice.pssproj", "{DF49FB03-6372-4E39-9ABD-E4F694B67454}"
EndProject
Global
	GlobalSection(SolutionConfigurationPlatforms) = preSolution
		Debug|Any CPU = Debug|Any CPU
		Release|Any CPU = Release|Any CPU
	EndGlobalSection
	GlobalSection(ProjectConfigurationPlatforms) = postSolution
		{DF49FB03-6372-4E39-9ABD-E4F694B67454}.Debug|Any CPU.ActiveCfg = Release|Any CPU
		{DF49FB03-6372-4E39-9ABD-E4F694B67454}.Debug|Any CPU.Build.0 = Release|Any CPU
		{DF49FB03-6372-4E39-9ABD-E4F694B67454}.Release|Any CPU.ActiveCfg = Release|Any CPU
		{DF49FB03-6372-4E39-9ABD-E4F694B67454}.Release|Any CPU.Build.0 = Release|Any CPU
	EndGlobalSection
	GlobalSection(SolutionProperties) = preSolution
		HideSolutionNode = FALSE
	EndGlobalSection
EndGlobal
